Microsoft Visual Studio Solution File, Format Version 12.00
# Visual Studio Version 17
VisualStudioVersion = 17.13.35919.96
MinimumVisualStudioVersion = 10.0.40219.1
Project("{FAE04EC0-301F-11D3-BF4B-00C04F79EFBC}") = "Hubspot_connection", "Hubspot_connection\Hubspot_connection.csproj", "{20E7B522-5248-48A5-8D6F-A2CC2FE8AD80}"
EndProject
Global
	GlobalSection(SolutionConfigurationPlatforms) = preSolution
		Debug|Any CPU = Debug|Any CPU
		Release|Any CPU = Release|Any CPU
	EndGlobalSection
	GlobalSection(ProjectConfigurationPlatforms) = postSolution
		{20E7B522-5248-48A5-8D6F-A2CC2FE8AD80}.Debug|Any CPU.ActiveCfg = Debug|Any CPU
		{20E7B522-5248-48A5-8D6F-A2CC2FE8AD80}.Debug|Any CPU.Build.0 = Debug|Any CPU
		{20E7B522-5248-48A5-8D6F-A2CC2FE8AD80}.Release|Any CPU.ActiveCfg = Release|Any CPU
		{20E7B522-5248-48A5-8D6F-A2CC2FE8AD80}.Release|Any CPU.Build.0 = Release|Any CPU
	EndGlobalSection
	GlobalSection(SolutionProperties) = preSolution
		HideSolutionNode = FALSE
	EndGlobalSection
	GlobalSection(ExtensibilityGlobals) = postSolution
		SolutionGuid = {CFB736F4-16C2-494C-B67C-1E9534C91030}
	EndGlobalSection
EndGlobal
